
Microsoft Visual Studio Solution File, Format Version 12.00
# Visual Studio 15
VisualStudioVersion = 15.0.28307.572
MinimumVisualStudioVersion = 10.0.40219.1
Project("{FAE04EC0-301F-11D3-BF4B-00C04F79EFBC}") = "WpfCalculator", "WpfCalculator\WpfCalculator.csproj", "{088B74A0-A2D8-4E2C-BFB4-94416F502D11}"
EndProject
Global
	GlobalSection(SolutionConfigurationPlatforms) = preSolution
		Debug|Any CPU = Debug|Any CPU
		Release|Any CPU = Release|Any CPU
	EndGlobalSection
	GlobalSection(ProjectConfigurationPlatforms) = postSolution
		{088B74A0-A2D8-4E2C-BFB4-94416F502D11}.Debug|Any CPU.ActiveCfg = Debug|Any CPU
		{088B74A0-A2D8-4E2C-BFB4-94416F502D11}.Debug|Any CPU.Build.0 = Debug|Any CPU
		{088B74A0-A2D8-4E2C-BFB4-94416F502D11}.Release|Any CPU.ActiveCfg = Release|Any CPU
		{088B74A0-A2D8-4E2C-BFB4-94416F502D11}.Release|Any CPU.Build.0 = Release|Any CPU
	EndGlobalSection
	GlobalSection(SolutionProperties) = preSolution
		HideSolutionNode = FALSE
	EndGlobalSection
	GlobalSection(ExtensibilityGlobals) = postSolution
		SolutionGuid = {007266EB-A1A6-46DE-8822-C541299B7F1E}
	EndGlobalSection
EndGlobal
